// !$*UTF8*$!
{
	archiveVersion = 1;
	classes = {
	};
	objectVersion = 51;
	objects = {

/* Begin PBXBuildFile section */
		13C255B66FBB948E232456F3 /* Pods_FBUApp_FBUAppUITests.framework in Frameworks */ = {isa = PBXBuildFile; fileRef = F7A482F820312B3A9DDADAF1 /* Pods_FBUApp_FBUAppUITests.framework */; };
		30C2394C27F76CB1BC2D8160 /* Pods_FBUAppTests.framework in Frameworks */ = {isa = PBXBuildFile; fileRef = BABCDC28C50BE8C063C36793 /* Pods_FBUAppTests.framework */; };
		A50BEFAD26A61B1400750B2A /* VehicleLocationViewController.m in Sources */ = {isa = PBXBuildFile; fileRef = A50BEFAC26A61B1400750B2A /* VehicleLocationViewController.m */; };
		A50BEFB126A778E600750B2A /* VehicleCell.m in Sources */ = {isa = PBXBuildFile; fileRef = A50BEFAF26A778E600750B2A /* VehicleCell.m */; };
		A50BEFB226A778E600750B2A /* XIBVehicleCell.xib in Resources */ = {isa = PBXBuildFile; fileRef = A50BEFB026A778E600750B2A /* XIBVehicleCell.xib */; };
		A50BEFB526A8768900750B2A /* VehicleImageViewController.m in Sources */ = {isa = PBXBuildFile; fileRef = A50BEFB426A8768900750B2A /* VehicleImageViewController.m */; };
		A50BEFBB26A8CB8C00750B2A /* FilterViewController.m in Sources */ = {isa = PBXBuildFile; fileRef = A50BEFBA26A8CB8C00750B2A /* FilterViewController.m */; };
		A53B6C6926A5E8660094AF1D /* VehicleCalendarViewController.m in Sources */ = {isa = PBXBuildFile; fileRef = A53B6C6826A5E8660094AF1D /* VehicleCalendarViewController.m */; };
		A53B6C6C26A5E8DA0094AF1D /* CalendarViewController.m in Sources */ = {isa = PBXBuildFile; fileRef = A53B6C6B26A5E8DA0094AF1D /* CalendarViewController.m */; };
		A53B6C6F26A5EE460094AF1D /* ReservationCalendarViewController.m in Sources */ = {isa = PBXBuildFile; fileRef = A53B6C6E26A5EE460094AF1D /* ReservationCalendarViewController.m */; };
		A53B6C7226A6080C0094AF1D /* LocationViewController.m in Sources */ = {isa = PBXBuildFile; fileRef = A53B6C7126A6080C0094AF1D /* LocationViewController.m */; };
		A5941CE7269CD4E60086BA9C /* AppDelegate.m in Sources */ = {isa = PBXBuildFile; fileRef = A5941CE6269CD4E60086BA9C /* AppDelegate.m */; };
		A5941CEA269CD4E60086BA9C /* SceneDelegate.m in Sources */ = {isa = PBXBuildFile; fileRef = A5941CE9269CD4E60086BA9C /* SceneDelegate.m */; };
		A5941CF0269CD4E60086BA9C /* Main.storyboard in Resources */ = {isa = PBXBuildFile; fileRef = A5941CEE269CD4E60086BA9C /* Main.storyboard */; };
		A5941CF2269CD4E70086BA9C /* Assets.xcassets in Resources */ = {isa = PBXBuildFile; fileRef = A5941CF1269CD4E70086BA9C /* Assets.xcassets */; };
		A5941CF5269CD4E70086BA9C /* LaunchScreen.storyboard in Resources */ = {isa = PBXBuildFile; fileRef = A5941CF3269CD4E70086BA9C /* LaunchScreen.storyboard */; };
		A5941CF8269CD4E70086BA9C /* main.m in Sources */ = {isa = PBXBuildFile; fileRef = A5941CF7269CD4E70086BA9C /* main.m */; };
		A5941D02269CD4E70086BA9C /* FBUAppTests.m in Sources */ = {isa = PBXBuildFile; fileRef = A5941D01269CD4E70086BA9C /* FBUAppTests.m */; };
		A5941D0D269CD4E70086BA9C /* FBUAppUITests.m in Sources */ = {isa = PBXBuildFile; fileRef = A5941D0C269CD4E70086BA9C /* FBUAppUITests.m */; };
		A5941D64269CF7490086BA9C /* Reservation.m in Sources */ = {isa = PBXBuildFile; fileRef = A5941D63269CF7490086BA9C /* Reservation.m */; };
		A5941D67269CF7570086BA9C /* Vehicle.m in Sources */ = {isa = PBXBuildFile; fileRef = A5941D66269CF7570086BA9C /* Vehicle.m */; };
		A5941D6B269CFF0C0086BA9C /* LoginViewController.m in Sources */ = {isa = PBXBuildFile; fileRef = A5941D6A269CFF0C0086BA9C /* LoginViewController.m */; };
		A5941D6E269CFF1C0086BA9C /* SignUpViewController.m in Sources */ = {isa = PBXBuildFile; fileRef = A5941D6D269CFF1C0086BA9C /* SignUpViewController.m */; };
		A5941D71269CFFFA0086BA9C /* ReservationLocationViewController.m in Sources */ = {isa = PBXBuildFile; fileRef = A5941D70269CFFFA0086BA9C /* ReservationLocationViewController.m */; };
		A5941D74269D00100086BA9C /* ReservationsViewController.m in Sources */ = {isa = PBXBuildFile; fileRef = A5941D73269D00100086BA9C /* ReservationsViewController.m */; };
		A5941D77269D00210086BA9C /* ProfileViewController.m in Sources */ = {isa = PBXBuildFile; fileRef = A5941D76269D00210086BA9C /* ProfileViewController.m */; };
		A5941D7D269D02610086BA9C /* SelectVehicleViewController.m in Sources */ = {isa = PBXBuildFile; fileRef = A5941D7C269D02610086BA9C /* SelectVehicleViewController.m */; };
		A5941D80269D02A80086BA9C /* ConfirmReservationViewController.m in Sources */ = {isa = PBXBuildFile; fileRef = A5941D7F269D02A80086BA9C /* ConfirmReservationViewController.m */; };
		A5941D83269D02D40086BA9C /* DetailsViewController.m in Sources */ = {isa = PBXBuildFile; fileRef = A5941D82269D02D40086BA9C /* DetailsViewController.m */; };
		A5941D8C269DFDFD0086BA9C /* VehicleRegistrationViewController.m in Sources */ = {isa = PBXBuildFile; fileRef = A5941D8B269DFDFD0086BA9C /* VehicleRegistrationViewController.m */; };
		A5941D96269F93FF0086BA9C /* ReservationCell.m in Sources */ = {isa = PBXBuildFile; fileRef = A5941D95269F93FF0086BA9C /* ReservationCell.m */; };
		A5941D9C26A090F00086BA9C /* RateViewController.m in Sources */ = {isa = PBXBuildFile; fileRef = A5941D9B26A090F00086BA9C /* RateViewController.m */; };
		A5941DA226A1E4380086BA9C /* ConfirmVehicleViewController.m in Sources */ = {isa = PBXBuildFile; fileRef = A5941DA126A1E4380086BA9C /* ConfirmVehicleViewController.m */; };
		CACDADDC2F6F7714348AB92D /* Pods_FBUApp.framework in Frameworks */ = {isa = PBXBuildFile; fileRef = D513AD403B5284048E00F701 /* Pods_FBUApp.framework */; };
/* End PBXBuildFile section */

/* Begin PBXContainerItemProxy section */
		A5941CFE269CD4E70086BA9C /* PBXContainerItemProxy */ = {
			isa = PBXContainerItemProxy;
			containerPortal = A5941CDA269CD4E60086BA9C /* Project object */;
			proxyType = 1;
			remoteGlobalIDString = A5941CE1269CD4E60086BA9C;
			remoteInfo = FBUApp;
		};
		A5941D09269CD4E70086BA9C /* PBXContainerItemProxy */ = {
			isa = PBXContainerItemProxy;
			containerPortal = A5941CDA269CD4E60086BA9C /* Project object */;
			proxyType = 1;
			remoteGlobalIDString = A5941CE1269CD4E60086BA9C;
			remoteInfo = FBUApp;
		};
/* End PBXContainerItemProxy section */

/* Begin PBXFileReference section */
		022874C70F4E42DF192C22E4 /* Pods-FBUAppTests.debug.xcconfig */ = {isa = PBXFileReference; includeInIndex = 1; lastKnownFileType = text.xcconfig; name = "Pods-FBUAppTests.debug.xcconfig"; path = "Target Support Files/Pods-FBUAppTests/Pods-FBUAppTests.debug.xcconfig"; sourceTree = "<group>"; };
		0EB6039ABB451D484BACE8A0 /* Pods-FBUApp-FBUAppUITests.debug.xcconfig */ = {isa = PBXFileReference; includeInIndex = 1; lastKnownFileType = text.xcconfig; name = "Pods-FBUApp-FBUAppUITests.debug.xcconfig"; path = "Target Support Files/Pods-FBUApp-FBUAppUITests/Pods-FBUApp-FBUAppUITests.debug.xcconfig"; sourceTree = "<group>"; };
		1807052C8BEBF9EC7D3037C4 /* Pods-FBUApp-FBUAppUITests.release.xcconfig */ = {isa = PBXFileReference; includeInIndex = 1; lastKnownFileType = text.xcconfig; name = "Pods-FBUApp-FBUAppUITests.release.xcconfig"; path = "Target Support Files/Pods-FBUApp-FBUAppUITests/Pods-FBUApp-FBUAppUITests.release.xcconfig"; sourceTree = "<group>"; };
		39D8E751DB92BD4D305FDC75 /* Pods-FBUApp.debug.xcconfig */ = {isa = PBXFileReference; includeInIndex = 1; lastKnownFileType = text.xcconfig; name = "Pods-FBUApp.debug.xcconfig"; path = "Target Support Files/Pods-FBUApp/Pods-FBUApp.debug.xcconfig"; sourceTree = "<group>"; };
		94023BFD649C3F32C51ED33C /* Pods-FBUAppTests.release.xcconfig */ = {isa = PBXFileReference; includeInIndex = 1; lastKnownFileType = text.xcconfig; name = "Pods-FBUAppTests.release.xcconfig"; path = "Target Support Files/Pods-FBUAppTests/Pods-FBUAppTests.release.xcconfig"; sourceTree = "<group>"; };
		A50BEFAB26A61B1400750B2A /* VehicleLocationViewController.h */ = {isa = PBXFileReference; lastKnownFileType = sourcecode.c.h; path = VehicleLocationViewController.h; sourceTree = "<group>"; };
		A50BEFAC26A61B1400750B2A /* VehicleLocationViewController.m */ = {isa = PBXFileReference; lastKnownFileType = sourcecode.c.objc; path = VehicleLocationViewController.m; sourceTree = "<group>"; };
		A50BEFAE26A778E600750B2A /* VehicleCell.h */ = {isa = PBXFileReference; lastKnownFileType = sourcecode.c.h; path = VehicleCell.h; sourceTree = "<group>"; };
		A50BEFAF26A778E600750B2A /* VehicleCell.m */ = {isa = PBXFileReference; lastKnownFileType = sourcecode.c.objc; path = VehicleCell.m; sourceTree = "<group>"; };
		A50BEFB026A778E600750B2A /* XIBVehicleCell.xib */ = {isa = PBXFileReference; lastKnownFileType = file.xib; path = XIBVehicleCell.xib; sourceTree = "<group>"; };
		A50BEFB326A8768900750B2A /* VehicleImageViewController.h */ = {isa = PBXFileReference; lastKnownFileType = sourcecode.c.h; path = VehicleImageViewController.h; sourceTree = "<group>"; };
		A50BEFB426A8768900750B2A /* VehicleImageViewController.m */ = {isa = PBXFileReference; lastKnownFileType = sourcecode.c.objc; path = VehicleImageViewController.m; sourceTree = "<group>"; };
		A50BEFB926A8CB8C00750B2A /* FilterViewController.h */ = {isa = PBXFileReference; lastKnownFileType = sourcecode.c.h; path = FilterViewController.h; sourceTree = "<group>"; };
		A50BEFBA26A8CB8C00750B2A /* FilterViewController.m */ = {isa = PBXFileReference; lastKnownFileType = sourcecode.c.objc; path = FilterViewController.m; sourceTree = "<group>"; };
		A53B6C6726A5E8660094AF1D /* VehicleCalendarViewController.h */ = {isa = PBXFileReference; lastKnownFileType = sourcecode.c.h; path = VehicleCalendarViewController.h; sourceTree = "<group>"; };
		A53B6C6826A5E8660094AF1D /* VehicleCalendarViewController.m */ = {isa = PBXFileReference; lastKnownFileType = sourcecode.c.objc; path = VehicleCalendarViewController.m; sourceTree = "<group>"; };
		A53B6C6A26A5E8DA0094AF1D /* CalendarViewController.h */ = {isa = PBXFileReference; lastKnownFileType = sourcecode.c.h; path = CalendarViewController.h; sourceTree = "<group>"; };
		A53B6C6B26A5E8DA0094AF1D /* CalendarViewController.m */ = {isa = PBXFileReference; lastKnownFileType = sourcecode.c.objc; path = CalendarViewController.m; sourceTree = "<group>"; };
		A53B6C6D26A5EE460094AF1D /* ReservationCalendarViewController.h */ = {isa = PBXFileReference; lastKnownFileType = sourcecode.c.h; path = ReservationCalendarViewController.h; sourceTree = "<group>"; };
		A53B6C6E26A5EE460094AF1D /* ReservationCalendarViewController.m */ = {isa = PBXFileReference; lastKnownFileType = sourcecode.c.objc; path = ReservationCalendarViewController.m; sourceTree = "<group>"; };
		A53B6C7026A6080C0094AF1D /* LocationViewController.h */ = {isa = PBXFileReference; lastKnownFileType = sourcecode.c.h; path = LocationViewController.h; sourceTree = "<group>"; };
		A53B6C7126A6080C0094AF1D /* LocationViewController.m */ = {isa = PBXFileReference; lastKnownFileType = sourcecode.c.objc; path = LocationViewController.m; sourceTree = "<group>"; };
		A5941CE2269CD4E60086BA9C /* FBUApp.app */ = {isa = PBXFileReference; explicitFileType = wrapper.application; includeInIndex = 0; path = FBUApp.app; sourceTree = BUILT_PRODUCTS_DIR; };
		A5941CE5269CD4E60086BA9C /* AppDelegate.h */ = {isa = PBXFileReference; lastKnownFileType = sourcecode.c.h; path = AppDelegate.h; sourceTree = "<group>"; };
		A5941CE6269CD4E60086BA9C /* AppDelegate.m */ = {isa = PBXFileReference; lastKnownFileType = sourcecode.c.objc; path = AppDelegate.m; sourceTree = "<group>"; };
		A5941CE8269CD4E60086BA9C /* SceneDelegate.h */ = {isa = PBXFileReference; lastKnownFileType = sourcecode.c.h; path = SceneDelegate.h; sourceTree = "<group>"; };
		A5941CE9269CD4E60086BA9C /* SceneDelegate.m */ = {isa = PBXFileReference; lastKnownFileType = sourcecode.c.objc; path = SceneDelegate.m; sourceTree = "<group>"; };
		A5941CEF269CD4E60086BA9C /* Base */ = {isa = PBXFileReference; lastKnownFileType = file.storyboard; name = Base; path = Base.lproj/Main.storyboard; sourceTree = "<group>"; };
		A5941CF1269CD4E70086BA9C /* Assets.xcassets */ = {isa = PBXFileReference; lastKnownFileType = folder.assetcatalog; path = Assets.xcassets; sourceTree = "<group>"; };
		A5941CF4269CD4E70086BA9C /* Base */ = {isa = PBXFileReference; lastKnownFileType = file.storyboard; name = Base; path = Base.lproj/LaunchScreen.storyboard; sourceTree = "<group>"; };
		A5941CF6269CD4E70086BA9C /* Info.plist */ = {isa = PBXFileReference; lastKnownFileType = text.plist.xml; path = Info.plist; sourceTree = "<group>"; };
		A5941CF7269CD4E70086BA9C /* main.m */ = {isa = PBXFileReference; lastKnownFileType = sourcecode.c.objc; path = main.m; sourceTree = "<group>"; };
		A5941CFD269CD4E70086BA9C /* FBUAppTests.xctest */ = {isa = PBXFileReference; explicitFileType = wrapper.cfbundle; includeInIndex = 0; path = FBUAppTests.xctest; sourceTree = BUILT_PRODUCTS_DIR; };
		A5941D01269CD4E70086BA9C /* FBUAppTests.m */ = {isa = PBXFileReference; lastKnownFileType = sourcecode.c.objc; path = FBUAppTests.m; sourceTree = "<group>"; };
		A5941D03269CD4E70086BA9C /* Info.plist */ = {isa = PBXFileReference; lastKnownFileType = text.plist.xml; path = Info.plist; sourceTree = "<group>"; };
		A5941D08269CD4E70086BA9C /* FBUAppUITests.xctest */ = {isa = PBXFileReference; explicitFileType = wrapper.cfbundle; includeInIndex = 0; path = FBUAppUITests.xctest; sourceTree = BUILT_PRODUCTS_DIR; };
		A5941D0C269CD4E70086BA9C /* FBUAppUITests.m */ = {isa = PBXFileReference; lastKnownFileType = sourcecode.c.objc; path = FBUAppUITests.m; sourceTree = "<group>"; };
		A5941D0E269CD4E70086BA9C /* Info.plist */ = {isa = PBXFileReference; lastKnownFileType = text.plist.xml; path = Info.plist; sourceTree = "<group>"; };
		A5941D62269CF7490086BA9C /* Reservation.h */ = {isa = PBXFileReference; lastKnownFileType = sourcecode.c.h; path = Reservation.h; sourceTree = "<group>"; };
		A5941D63269CF7490086BA9C /* Reservation.m */ = {isa = PBXFileReference; lastKnownFileType = sourcecode.c.objc; path = Reservation.m; sourceTree = "<group>"; };
		A5941D65269CF7570086BA9C /* Vehicle.h */ = {isa = PBXFileReference; lastKnownFileType = sourcecode.c.h; path = Vehicle.h; sourceTree = "<group>"; };
		A5941D66269CF7570086BA9C /* Vehicle.m */ = {isa = PBXFileReference; lastKnownFileType = sourcecode.c.objc; path = Vehicle.m; sourceTree = "<group>"; };
		A5941D69269CFF0C0086BA9C /* LoginViewController.h */ = {isa = PBXFileReference; lastKnownFileType = sourcecode.c.h; path = LoginViewController.h; sourceTree = "<group>"; };
		A5941D6A269CFF0C0086BA9C /* LoginViewController.m */ = {isa = PBXFileReference; lastKnownFileType = sourcecode.c.objc; path = LoginViewController.m; sourceTree = "<group>"; };
		A5941D6C269CFF1C0086BA9C /* SignUpViewController.h */ = {isa = PBXFileReference; lastKnownFileType = sourcecode.c.h; path = SignUpViewController.h; sourceTree = "<group>"; };
		A5941D6D269CFF1C0086BA9C /* SignUpViewController.m */ = {isa = PBXFileReference; lastKnownFileType = sourcecode.c.objc; path = SignUpViewController.m; sourceTree = "<group>"; };
		A5941D6F269CFFFA0086BA9C /* ReservationLocationViewController.h */ = {isa = PBXFileReference; lastKnownFileType = sourcecode.c.h; path = ReservationLocationViewController.h; sourceTree = "<group>"; };
		A5941D70269CFFFA0086BA9C /* ReservationLocationViewController.m */ = {isa = PBXFileReference; lastKnownFileType = sourcecode.c.objc; path = ReservationLocationViewController.m; sourceTree = "<group>"; };
		A5941D72269D00100086BA9C /* ReservationsViewController.h */ = {isa = PBXFileReference; lastKnownFileType = sourcecode.c.h; path = ReservationsViewController.h; sourceTree = "<group>"; };
		A5941D73269D00100086BA9C /* ReservationsViewController.m */ = {isa = PBXFileReference; lastKnownFileType = sourcecode.c.objc; path = ReservationsViewController.m; sourceTree = "<group>"; };
		A5941D75269D00210086BA9C /* ProfileViewController.h */ = {isa = PBXFileReference; lastKnownFileType = sourcecode.c.h; path = ProfileViewController.h; sourceTree = "<group>"; };
		A5941D76269D00210086BA9C /* ProfileViewController.m */ = {isa = PBXFileReference; lastKnownFileType = sourcecode.c.objc; path = ProfileViewController.m; sourceTree = "<group>"; };
		A5941D7B269D02610086BA9C /* SelectVehicleViewController.h */ = {isa = PBXFileReference; lastKnownFileType = sourcecode.c.h; path = SelectVehicleViewController.h; sourceTree = "<group>"; };
		A5941D7C269D02610086BA9C /* SelectVehicleViewController.m */ = {isa = PBXFileReference; lastKnownFileType = sourcecode.c.objc; path = SelectVehicleViewController.m; sourceTree = "<group>"; };
		A5941D7E269D02A80086BA9C /* ConfirmReservationViewController.h */ = {isa = PBXFileReference; lastKnownFileType = sourcecode.c.h; path = ConfirmReservationViewController.h; sourceTree = "<group>"; };
		A5941D7F269D02A80086BA9C /* ConfirmReservationViewController.m */ = {isa = PBXFileReference; lastKnownFileType = sourcecode.c.objc; path = ConfirmReservationViewController.m; sourceTree = "<group>"; };
		A5941D81269D02D40086BA9C /* DetailsViewController.h */ = {isa = PBXFileReference; lastKnownFileType = sourcecode.c.h; path = DetailsViewController.h; sourceTree = "<group>"; };
		A5941D82269D02D40086BA9C /* DetailsViewController.m */ = {isa = PBXFileReference; lastKnownFileType = sourcecode.c.objc; path = DetailsViewController.m; sourceTree = "<group>"; };
		A5941D8A269DFDFD0086BA9C /* VehicleRegistrationViewController.h */ = {isa = PBXFileReference; lastKnownFileType = sourcecode.c.h; path = VehicleRegistrationViewController.h; sourceTree = "<group>"; };
		A5941D8B269DFDFD0086BA9C /* VehicleRegistrationViewController.m */ = {isa = PBXFileReference; lastKnownFileType = sourcecode.c.objc; path = VehicleRegistrationViewController.m; sourceTree = "<group>"; };
		A5941D94269F93FF0086BA9C /* ReservationCell.h */ = {isa = PBXFileReference; lastKnownFileType = sourcecode.c.h; path = ReservationCell.h; sourceTree = "<group>"; };
		A5941D95269F93FF0086BA9C /* ReservationCell.m */ = {isa = PBXFileReference; lastKnownFileType = sourcecode.c.objc; path = ReservationCell.m; sourceTree = "<group>"; };
		A5941D9A26A090F00086BA9C /* RateViewController.h */ = {isa = PBXFileReference; lastKnownFileType = sourcecode.c.h; path = RateViewController.h; sourceTree = "<group>"; };
		A5941D9B26A090F00086BA9C /* RateViewController.m */ = {isa = PBXFileReference; lastKnownFileType = sourcecode.c.objc; path = RateViewController.m; sourceTree = "<group>"; };
		A5941DA026A1E4380086BA9C /* ConfirmVehicleViewController.h */ = {isa = PBXFileReference; lastKnownFileType = sourcecode.c.h; path = ConfirmVehicleViewController.h; sourceTree = "<group>"; };
		A5941DA126A1E4380086BA9C /* ConfirmVehicleViewController.m */ = {isa = PBXFileReference; lastKnownFileType = sourcecode.c.objc; path = ConfirmVehicleViewController.m; sourceTree = "<group>"; };
		BABCDC28C50BE8C063C36793 /* Pods_FBUAppTests.framework */ = {isa = PBXFileReference; explicitFileType = wrapper.framework; includeInIndex = 0; path = Pods_FBUAppTests.framework; sourceTree = BUILT_PRODUCTS_DIR; };
		C10FD91B8EEB9134A0289F23 /* Pods-FBUApp.release.xcconfig */ = {isa = PBXFileReference; includeInIndex = 1; lastKnownFileType = text.xcconfig; name = "Pods-FBUApp.release.xcconfig"; path = "Target Support Files/Pods-FBUApp/Pods-FBUApp.release.xcconfig"; sourceTree = "<group>"; };
		D513AD403B5284048E00F701 /* Pods_FBUApp.framework */ = {isa = PBXFileReference; explicitFileType = wrapper.framework; includeInIndex = 0; path = Pods_FBUApp.framework; sourceTree = BUILT_PRODUCTS_DIR; };
		F7A482F820312B3A9DDADAF1 /* Pods_FBUApp_FBUAppUITests.framework */ = {isa = PBXFileReference; explicitFileType = wrapper.framework; includeInIndex = 0; path = Pods_FBUApp_FBUAppUITests.framework; sourceTree = BUILT_PRODUCTS_DIR; };
/* End PBXFileReference section */

/* Begin PBXFrameworksBuildPhase section */
		A5941CDF269CD4E60086BA9C /* Frameworks */ = {
			isa = PBXFrameworksBuildPhase;
			buildActionMask = 2147483647;
			files = (
				CACDADDC2F6F7714348AB92D /* Pods_FBUApp.framework in Frameworks */,
			);
			runOnlyForDeploymentPostprocessing = 0;
		};
		A5941CFA269CD4E70086BA9C /* Frameworks */ = {
			isa = PBXFrameworksBuildPhase;
			buildActionMask = 2147483647;
			files = (
				30C2394C27F76CB1BC2D8160 /* Pods_FBUAppTests.framework in Frameworks */,
			);
			runOnlyForDeploymentPostprocessing = 0;
		};
		A5941D05269CD4E70086BA9C /* Frameworks */ = {
			isa = PBXFrameworksBuildPhase;
			buildActionMask = 2147483647;
			files = (
				13C255B66FBB948E232456F3 /* Pods_FBUApp_FBUAppUITests.framework in Frameworks */,
			);
			runOnlyForDeploymentPostprocessing = 0;
		};
/* End PBXFrameworksBuildPhase section */

/* Begin PBXGroup section */
		5909E57E72429159B7AEFE44 /* Pods */ = {
			isa = PBXGroup;
			children = (
				39D8E751DB92BD4D305FDC75 /* Pods-FBUApp.debug.xcconfig */,
				C10FD91B8EEB9134A0289F23 /* Pods-FBUApp.release.xcconfig */,
				0EB6039ABB451D484BACE8A0 /* Pods-FBUApp-FBUAppUITests.debug.xcconfig */,
				1807052C8BEBF9EC7D3037C4 /* Pods-FBUApp-FBUAppUITests.release.xcconfig */,
				022874C70F4E42DF192C22E4 /* Pods-FBUAppTests.debug.xcconfig */,
				94023BFD649C3F32C51ED33C /* Pods-FBUAppTests.release.xcconfig */,
			);
			path = Pods;
			sourceTree = "<group>";
		};
		A1EFF0CF1C51A716DCAB43A1 /* Frameworks */ = {
			isa = PBXGroup;
			children = (
				D513AD403B5284048E00F701 /* Pods_FBUApp.framework */,
				F7A482F820312B3A9DDADAF1 /* Pods_FBUApp_FBUAppUITests.framework */,
				BABCDC28C50BE8C063C36793 /* Pods_FBUAppTests.framework */,
			);
			name = Frameworks;
			sourceTree = "<group>";
		};
		A5941CD9269CD4E60086BA9C = {
			isa = PBXGroup;
			children = (
				A5941CE4269CD4E60086BA9C /* FBUApp */,
				A5941D00269CD4E70086BA9C /* FBUAppTests */,
				A5941D0B269CD4E70086BA9C /* FBUAppUITests */,
				A5941CE3269CD4E60086BA9C /* Products */,
				5909E57E72429159B7AEFE44 /* Pods */,
				A1EFF0CF1C51A716DCAB43A1 /* Frameworks */,
			);
			sourceTree = "<group>";
		};
		A5941CE3269CD4E60086BA9C /* Products */ = {
			isa = PBXGroup;
			children = (
				A5941CE2269CD4E60086BA9C /* FBUApp.app */,
				A5941CFD269CD4E70086BA9C /* FBUAppTests.xctest */,
				A5941D08269CD4E70086BA9C /* FBUAppUITests.xctest */,
			);
			name = Products;
			sourceTree = "<group>";
		};
		A5941CE4269CD4E60086BA9C /* FBUApp */ = {
			isa = PBXGroup;
			children = (
				A5941D8D269E212C0086BA9C /* Cells */,
				A5941D89269DFB6D0086BA9C /* Delegates */,
				A5941D68269CFEF10086BA9C /* View Controllers */,
				A5941D5B269CE8B90086BA9C /* Models */,
				A5941CEE269CD4E60086BA9C /* Main.storyboard */,
				A5941CF1269CD4E70086BA9C /* Assets.xcassets */,
				A5941CF3269CD4E70086BA9C /* LaunchScreen.storyboard */,
				A5941CF6269CD4E70086BA9C /* Info.plist */,
				A5941CF7269CD4E70086BA9C /* main.m */,
			);
			path = FBUApp;
			sourceTree = "<group>";
		};
		A5941D00269CD4E70086BA9C /* FBUAppTests */ = {
			isa = PBXGroup;
			children = (
				A5941D01269CD4E70086BA9C /* FBUAppTests.m */,
				A5941D03269CD4E70086BA9C /* Info.plist */,
			);
			path = FBUAppTests;
			sourceTree = "<group>";
		};
		A5941D0B269CD4E70086BA9C /* FBUAppUITests */ = {
			isa = PBXGroup;
			children = (
				A5941D0C269CD4E70086BA9C /* FBUAppUITests.m */,
				A5941D0E269CD4E70086BA9C /* Info.plist */,
			);
			path = FBUAppUITests;
			sourceTree = "<group>";
		};
		A5941D5B269CE8B90086BA9C /* Models */ = {
			isa = PBXGroup;
			children = (
				A5941D62269CF7490086BA9C /* Reservation.h */,
				A5941D63269CF7490086BA9C /* Reservation.m */,
				A5941D65269CF7570086BA9C /* Vehicle.h */,
				A5941D66269CF7570086BA9C /* Vehicle.m */,
			);
			path = Models;
			sourceTree = "<group>";
		};
		A5941D68269CFEF10086BA9C /* View Controllers */ = {
			isa = PBXGroup;
			children = (
				A5941D88269DE4460086BA9C /* Profile View Controllers */,
				A5941D87269DE4170086BA9C /* Other  */,
				A5941D86269D030E0086BA9C /* Reservations View Controllers */,
				A5941D85269D03000086BA9C /* Home View Controllers */,
			);
			path = "View Controllers";
			sourceTree = "<group>";
		};
		A5941D85269D03000086BA9C /* Home View Controllers */ = {
			isa = PBXGroup;
			children = (
				A5941D6F269CFFFA0086BA9C /* ReservationLocationViewController.h */,
				A5941D70269CFFFA0086BA9C /* ReservationLocationViewController.m */,
				A5941D7B269D02610086BA9C /* SelectVehicleViewController.h */,
				A5941D7C269D02610086BA9C /* SelectVehicleViewController.m */,
				A5941D7E269D02A80086BA9C /* ConfirmReservationViewController.h */,
				A5941D7F269D02A80086BA9C /* ConfirmReservationViewController.m */,
				A53B6C6D26A5EE460094AF1D /* ReservationCalendarViewController.h */,
				A53B6C6E26A5EE460094AF1D /* ReservationCalendarViewController.m */,
			);
			path = "Home View Controllers";
			sourceTree = "<group>";
		};
		A5941D86269D030E0086BA9C /* Reservations View Controllers */ = {
			isa = PBXGroup;
			children = (
				A5941D73269D00100086BA9C /* ReservationsViewController.m */,
				A5941D72269D00100086BA9C /* ReservationsViewController.h */,
				A5941D81269D02D40086BA9C /* DetailsViewController.h */,
				A5941D82269D02D40086BA9C /* DetailsViewController.m */,
			);
			path = "Reservations View Controllers";
			sourceTree = "<group>";
		};
		A5941D87269DE4170086BA9C /* Other  */ = {
			isa = PBXGroup;
			children = (
				A5941D6A269CFF0C0086BA9C /* LoginViewController.m */,
				A5941D69269CFF0C0086BA9C /* LoginViewController.h */,
				A5941D6C269CFF1C0086BA9C /* SignUpViewController.h */,
				A5941D6D269CFF1C0086BA9C /* SignUpViewController.m */,
				A53B6C6A26A5E8DA0094AF1D /* CalendarViewController.h */,
				A53B6C6B26A5E8DA0094AF1D /* CalendarViewController.m */,
				A53B6C7026A6080C0094AF1D /* LocationViewController.h */,
				A53B6C7126A6080C0094AF1D /* LocationViewController.m */,
				A50BEFB926A8CB8C00750B2A /* FilterViewController.h */,
				A50BEFBA26A8CB8C00750B2A /* FilterViewController.m */,
			);
			path = "Other ";
			sourceTree = "<group>";
		};
		A5941D88269DE4460086BA9C /* Profile View Controllers */ = {
			isa = PBXGroup;
			children = (
				A5941D76269D00210086BA9C /* ProfileViewController.m */,
				A5941D75269D00210086BA9C /* ProfileViewController.h */,
				A5941D8A269DFDFD0086BA9C /* VehicleRegistrationViewController.h */,
				A5941D8B269DFDFD0086BA9C /* VehicleRegistrationViewController.m */,
				A5941D9A26A090F00086BA9C /* RateViewController.h */,
				A5941D9B26A090F00086BA9C /* RateViewController.m */,
				A5941DA026A1E4380086BA9C /* ConfirmVehicleViewController.h */,
				A5941DA126A1E4380086BA9C /* ConfirmVehicleViewController.m */,
				A53B6C6726A5E8660094AF1D /* VehicleCalendarViewController.h */,
				A53B6C6826A5E8660094AF1D /* VehicleCalendarViewController.m */,
				A50BEFAB26A61B1400750B2A /* VehicleLocationViewController.h */,
				A50BEFAC26A61B1400750B2A /* VehicleLocationViewController.m */,
				A50BEFB326A8768900750B2A /* VehicleImageViewController.h */,
				A50BEFB426A8768900750B2A /* VehicleImageViewController.m */,
			);
			path = "Profile View Controllers";
			sourceTree = "<group>";
		};
		A5941D89269DFB6D0086BA9C /* Delegates */ = {
			isa = PBXGroup;
			children = (
				A5941CE9269CD4E60086BA9C /* SceneDelegate.m */,
				A5941CE8269CD4E60086BA9C /* SceneDelegate.h */,
				A5941CE6269CD4E60086BA9C /* AppDelegate.m */,
				A5941CE5269CD4E60086BA9C /* AppDelegate.h */,
			);
			path = Delegates;
			sourceTree = "<group>";
		};
		A5941D8D269E212C0086BA9C /* Cells */ = {
			isa = PBXGroup;
			children = (
				A5941D94269F93FF0086BA9C /* ReservationCell.h */,
				A5941D95269F93FF0086BA9C /* ReservationCell.m */,
				A50BEFAE26A778E600750B2A /* VehicleCell.h */,
				A50BEFAF26A778E600750B2A /* VehicleCell.m */,
				A50BEFB026A778E600750B2A /* XIBVehicleCell.xib */,
			);
			path = Cells;
			sourceTree = "<group>";
		};
/* End PBXGroup section */

/* Begin PBXNativeTarget section */
		A5941CE1269CD4E60086BA9C /* FBUApp */ = {
			isa = PBXNativeTarget;
			buildConfigurationList = A5941D11269CD4E70086BA9C /* Build configuration list for PBXNativeTarget "FBUApp" */;
			buildPhases = (
				FF3A2086E3CB06614890D47D /* [CP] Check Pods Manifest.lock */,
				A5941CDE269CD4E60086BA9C /* Sources */,
				A5941CDF269CD4E60086BA9C /* Frameworks */,
				A5941CE0269CD4E60086BA9C /* Resources */,
				7D5427C1A2C6C52612FBAA0A /* [CP] Embed Pods Frameworks */,
				07FA58F600194F8511293868 /* [CP] Copy Pods Resources */,
			);
			buildRules = (
			);
			dependencies = (
			);
			name = FBUApp;
			productName = FBUApp;
			productReference = A5941CE2269CD4E60086BA9C /* FBUApp.app */;
			productType = "com.apple.product-type.application";
		};
		A5941CFC269CD4E70086BA9C /* FBUAppTests */ = {
			isa = PBXNativeTarget;
			buildConfigurationList = A5941D14269CD4E70086BA9C /* Build configuration list for PBXNativeTarget "FBUAppTests" */;
			buildPhases = (
				E64BBFB51D851B9198F49542 /* [CP] Check Pods Manifest.lock */,
				A5941CF9269CD4E70086BA9C /* Sources */,
				A5941CFA269CD4E70086BA9C /* Frameworks */,
				A5941CFB269CD4E70086BA9C /* Resources */,
			);
			buildRules = (
			);
			dependencies = (
				A5941CFF269CD4E70086BA9C /* PBXTargetDependency */,
			);
			name = FBUAppTests;
			productName = FBUAppTests;
			productReference = A5941CFD269CD4E70086BA9C /* FBUAppTests.xctest */;
			productType = "com.apple.product-type.bundle.unit-test";
		};
		A5941D07269CD4E70086BA9C /* FBUAppUITests */ = {
			isa = PBXNativeTarget;
			buildConfigurationList = A5941D17269CD4E70086BA9C /* Build configuration list for PBXNativeTarget "FBUAppUITests" */;
			buildPhases = (
				FF8A93DDA9F6E414390F49AE /* [CP] Check Pods Manifest.lock */,
				A5941D04269CD4E70086BA9C /* Sources */,
				A5941D05269CD4E70086BA9C /* Frameworks */,
				A5941D06269CD4E70086BA9C /* Resources */,
				B1460A5A55E84BE9C228D55F /* [CP] Embed Pods Frameworks */,
				64CAB2B31B19E75DF22E5C0A /* [CP] Copy Pods Resources */,
			);
			buildRules = (
			);
			dependencies = (
				A5941D0A269CD4E70086BA9C /* PBXTargetDependency */,
			);
			name = FBUAppUITests;
			productName = FBUAppUITests;
			productReference = A5941D08269CD4E70086BA9C /* FBUAppUITests.xctest */;
			productType = "com.apple.product-type.bundle.ui-testing";
		};
/* End PBXNativeTarget section */

/* Begin PBXProject section */
		A5941CDA269CD4E60086BA9C /* Project object */ = {
			isa = PBXProject;
			attributes = {
				LastUpgradeCheck = 1250;
				TargetAttributes = {
					A5941CE1269CD4E60086BA9C = {
						CreatedOnToolsVersion = 12.5.1;
					};
					A5941CFC269CD4E70086BA9C = {
						CreatedOnToolsVersion = 12.5.1;
						TestTargetID = A5941CE1269CD4E60086BA9C;
					};
					A5941D07269CD4E70086BA9C = {
						CreatedOnToolsVersion = 12.5.1;
						TestTargetID = A5941CE1269CD4E60086BA9C;
					};
				};
			};
			buildConfigurationList = A5941CDD269CD4E60086BA9C /* Build configuration list for PBXProject "FBUApp" */;
			compatibilityVersion = "Xcode 9.3";
			developmentRegion = en;
			hasScannedForEncodings = 0;
			knownRegions = (
				en,
				Base,
			);
			mainGroup = A5941CD9269CD4E60086BA9C;
			productRefGroup = A5941CE3269CD4E60086BA9C /* Products */;
			projectDirPath = "";
			projectRoot = "";
			targets = (
				A5941CE1269CD4E60086BA9C /* FBUApp */,
				A5941CFC269CD4E70086BA9C /* FBUAppTests */,
				A5941D07269CD4E70086BA9C /* FBUAppUITests */,
			);
		};
/* End PBXProject section */

/* Begin PBXResourcesBuildPhase section */
		A5941CE0269CD4E60086BA9C /* Resources */ = {
			isa = PBXResourcesBuildPhase;
			buildActionMask = 2147483647;
			files = (
				A5941CF5269CD4E70086BA9C /* LaunchScreen.storyboard in Resources */,
				A5941CF2269CD4E70086BA9C /* Assets.xcassets in Resources */,
				A50BEFB226A778E600750B2A /* XIBVehicleCell.xib in Resources */,
				A5941CF0269CD4E60086BA9C /* Main.storyboard in Resources */,
			);
			runOnlyForDeploymentPostprocessing = 0;
		};
		A5941CFB269CD4E70086BA9C /* Resources */ = {
			isa = PBXResourcesBuildPhase;
			buildActionMask = 2147483647;
			files = (
			);
			runOnlyForDeploymentPostprocessing = 0;
		};
		A5941D06269CD4E70086BA9C /* Resources */ = {
			isa = PBXResourcesBuildPhase;
			buildActionMask = 2147483647;
			files = (
			);
			runOnlyForDeploymentPostprocessing = 0;
		};
/* End PBXResourcesBuildPhase section */

/* Begin PBXShellScriptBuildPhase section */
		07FA58F600194F8511293868 /* [CP] Copy Pods Resources */ = {
			isa = PBXShellScriptBuildPhase;
			buildActionMask = 2147483647;
			files = (
			);
			inputFileListPaths = (
				"${PODS_ROOT}/Target Support Files/Pods-FBUApp/Pods-FBUApp-resources-${CONFIGURATION}-input-files.xcfilelist",
			);
			name = "[CP] Copy Pods Resources";
			outputFileListPaths = (
				"${PODS_ROOT}/Target Support Files/Pods-FBUApp/Pods-FBUApp-resources-${CONFIGURATION}-output-files.xcfilelist",
			);
			runOnlyForDeploymentPostprocessing = 0;
			shellPath = /bin/sh;
			shellScript = "\"${PODS_ROOT}/Target Support Files/Pods-FBUApp/Pods-FBUApp-resources.sh\"\n";
			showEnvVarsInLog = 0;
		};
		64CAB2B31B19E75DF22E5C0A /* [CP] Copy Pods Resources */ = {
			isa = PBXShellScriptBuildPhase;
			buildActionMask = 2147483647;
			files = (
			);
			inputFileListPaths = (
				"${PODS_ROOT}/Target Support Files/Pods-FBUApp-FBUAppUITests/Pods-FBUApp-FBUAppUITests-resources-${CONFIGURATION}-input-files.xcfilelist",
			);
			name = "[CP] Copy Pods Resources";
			outputFileListPaths = (
				"${PODS_ROOT}/Target Support Files/Pods-FBUApp-FBUAppUITests/Pods-FBUApp-FBUAppUITests-resources-${CONFIGURATION}-output-files.xcfilelist",
			);
			runOnlyForDeploymentPostprocessing = 0;
			shellPath = /bin/sh;
			shellScript = "\"${PODS_ROOT}/Target Support Files/Pods-FBUApp-FBUAppUITests/Pods-FBUApp-FBUAppUITests-resources.sh\"\n";
			showEnvVarsInLog = 0;
		};
		7D5427C1A2C6C52612FBAA0A /* [CP] Embed Pods Frameworks */ = {
			isa = PBXShellScriptBuildPhase;
			buildActionMask = 2147483647;
			files = (
			);
			inputFileListPaths = (
				"${PODS_ROOT}/Target Support Files/Pods-FBUApp/Pods-FBUApp-frameworks-${CONFIGURATION}-input-files.xcfilelist",
			);
			name = "[CP] Embed Pods Frameworks";
			outputFileListPaths = (
				"${PODS_ROOT}/Target Support Files/Pods-FBUApp/Pods-FBUApp-frameworks-${CONFIGURATION}-output-files.xcfilelist",
			);
			runOnlyForDeploymentPostprocessing = 0;
			shellPath = /bin/sh;
			shellScript = "\"${PODS_ROOT}/Target Support Files/Pods-FBUApp/Pods-FBUApp-frameworks.sh\"\n";
			showEnvVarsInLog = 0;
		};
		B1460A5A55E84BE9C228D55F /* [CP] Embed Pods Frameworks */ = {
			isa = PBXShellScriptBuildPhase;
			buildActionMask = 2147483647;
			files = (
			);
			inputFileListPaths = (
				"${PODS_ROOT}/Target Support Files/Pods-FBUApp-FBUAppUITests/Pods-FBUApp-FBUAppUITests-frameworks-${CONFIGURATION}-input-files.xcfilelist",
			);
			name = "[CP] Embed Pods Frameworks";
			outputFileListPaths = (
				"${PODS_ROOT}/Target Support Files/Pods-FBUApp-FBUAppUITests/Pods-FBUApp-FBUAppUITests-frameworks-${CONFIGURATION}-output-files.xcfilelist",
			);
			runOnlyForDeploymentPostprocessing = 0;
			shellPath = /bin/sh;
			shellScript = "\"${PODS_ROOT}/Target Support Files/Pods-FBUApp-FBUAppUITests/Pods-FBUApp-FBUAppUITests-frameworks.sh\"\n";
			showEnvVarsInLog = 0;
		};
		E64BBFB51D851B9198F49542 /* [CP] Check Pods Manifest.lock */ = {
			isa = PBXShellScriptBuildPhase;
			buildActionMask = 2147483647;
			files = (
			);
			inputFileListPaths = (
			);
			inputPaths = (
				"${PODS_PODFILE_DIR_PATH}/Podfile.lock",
				"${PODS_ROOT}/Manifest.lock",
			);
			name = "[CP] Check Pods Manifest.lock";
			outputFileListPaths = (
			);
			outputPaths = (
				"$(DERIVED_FILE_DIR)/Pods-FBUAppTests-checkManifestLockResult.txt",
			);
			runOnlyForDeploymentPostprocessing = 0;
			shellPath = /bin/sh;
			shellScript = "diff \"${PODS_PODFILE_DIR_PATH}/Podfile.lock\" \"${PODS_ROOT}/Manifest.lock\" > /dev/null\nif [ $? != 0 ] ; then\n    # print error to STDERR\n    echo \"error: The sandbox is not in sync with the Podfile.lock. Run 'pod install' or update your CocoaPods installation.\" >&2\n    exit 1\nfi\n# This output is used by Xcode 'outputs' to avoid re-running this script phase.\necho \"SUCCESS\" > \"${SCRIPT_OUTPUT_FILE_0}\"\n";
			showEnvVarsInLog = 0;
		};
		FF3A2086E3CB06614890D47D /* [CP] Check Pods Manifest.lock */ = {
			isa = PBXShellScriptBuildPhase;
			buildActionMask = 2147483647;
			files = (
			);
			inputFileListPaths = (
			);
			inputPaths = (
				"${PODS_PODFILE_DIR_PATH}/Podfile.lock",
				"${PODS_ROOT}/Manifest.lock",
			);
			name = "[CP] Check Pods Manifest.lock";
			outputFileListPaths = (
			);
			outputPaths = (
				"$(DERIVED_FILE_DIR)/Pods-FBUApp-checkManifestLockResult.txt",
			);
			runOnlyForDeploymentPostprocessing = 0;
			shellPath = /bin/sh;
			shellScript = "diff \"${PODS_PODFILE_DIR_PATH}/Podfile.lock\" \"${PODS_ROOT}/Manifest.lock\" > /dev/null\nif [ $? != 0 ] ; then\n    # print error to STDERR\n    echo \"error: The sandbox is not in sync with the Podfile.lock. Run 'pod install' or update your CocoaPods installation.\" >&2\n    exit 1\nfi\n# This output is used by Xcode 'outputs' to avoid re-running this script phase.\necho \"SUCCESS\" > \"${SCRIPT_OUTPUT_FILE_0}\"\n";
			showEnvVarsInLog = 0;
		};
		FF8A93DDA9F6E414390F49AE /* [CP] Check Pods Manifest.lock */ = {
			isa = PBXShellScriptBuildPhase;
			buildActionMask = 2147483647;
			files = (
			);
			inputFileListPaths = (
			);
			inputPaths = (
				"${PODS_PODFILE_DIR_PATH}/Podfile.lock",
				"${PODS_ROOT}/Manifest.lock",
			);
			name = "[CP] Check Pods Manifest.lock";
			outputFileListPaths = (
			);
			outputPaths = (
				"$(DERIVED_FILE_DIR)/Pods-FBUApp-FBUAppUITests-checkManifestLockResult.txt",
			);
			runOnlyForDeploymentPostprocessing = 0;
			shellPath = /bin/sh;
			shellScript = "diff \"${PODS_PODFILE_DIR_PATH}/Podfile.lock\" \"${PODS_ROOT}/Manifest.lock\" > /dev/null\nif [ $? != 0 ] ; then\n    # print error to STDERR\n    echo \"error: The sandbox is not in sync with the Podfile.lock. Run 'pod install' or update your CocoaPods installation.\" >&2\n    exit 1\nfi\n# This output is used by Xcode 'outputs' to avoid re-running this script phase.\necho \"SUCCESS\" > \"${SCRIPT_OUTPUT_FILE_0}\"\n";
			showEnvVarsInLog = 0;
		};
/* End PBXShellScriptBuildPhase section */

/* Begin PBXSourcesBuildPhase section */
		A5941CDE269CD4E60086BA9C /* Sources */ = {
			isa = PBXSourcesBuildPhase;
			buildActionMask = 2147483647;
			files = (
				A53B6C6C26A5E8DA0094AF1D /* CalendarViewController.m in Sources */,
				A5941D80269D02A80086BA9C /* ConfirmReservationViewController.m in Sources */,
				A5941D64269CF7490086BA9C /* Reservation.m in Sources */,
				A5941D67269CF7570086BA9C /* Vehicle.m in Sources */,
				A5941D6B269CFF0C0086BA9C /* LoginViewController.m in Sources */,
				A50BEFAD26A61B1400750B2A /* VehicleLocationViewController.m in Sources */,
				A5941D7D269D02610086BA9C /* SelectVehicleViewController.m in Sources */,
				A5941CE7269CD4E60086BA9C /* AppDelegate.m in Sources */,
				A53B6C7226A6080C0094AF1D /* LocationViewController.m in Sources */,
				A50BEFB526A8768900750B2A /* VehicleImageViewController.m in Sources */,
				A5941D77269D00210086BA9C /* ProfileViewController.m in Sources */,
				A53B6C6F26A5EE460094AF1D /* ReservationCalendarViewController.m in Sources */,
				A5941CF8269CD4E70086BA9C /* main.m in Sources */,
				A5941D6E269CFF1C0086BA9C /* SignUpViewController.m in Sources */,
				A5941D8C269DFDFD0086BA9C /* VehicleRegistrationViewController.m in Sources */,
				A5941CEA269CD4E60086BA9C /* SceneDelegate.m in Sources */,
				A5941DA226A1E4380086BA9C /* ConfirmVehicleViewController.m in Sources */,
				A50BEFBB26A8CB8C00750B2A /* FilterViewController.m in Sources */,
				A5941D74269D00100086BA9C /* ReservationsViewController.m in Sources */,
				A5941D83269D02D40086BA9C /* DetailsViewController.m in Sources */,
				A50BEFB126A778E600750B2A /* VehicleCell.m in Sources */,
				A5941D96269F93FF0086BA9C /* ReservationCell.m in Sources */,
				A5941D9C26A090F00086BA9C /* RateViewController.m in Sources */,
				A5941D71269CFFFA0086BA9C /* ReservationLocationViewController.m in Sources */,
				A53B6C6926A5E8660094AF1D /* VehicleCalendarViewController.m in Sources */,
			);
			runOnlyForDeploymentPostprocessing = 0;
		};
		A5941CF9269CD4E70086BA9C /* Sources */ = {
			isa = PBXSourcesBuildPhase;
			buildActionMask = 2147483647;
			files = (
				A5941D02269CD4E70086BA9C /* FBUAppTests.m in Sources */,
			);
			runOnlyForDeploymentPostprocessing = 0;
		};
		A5941D04269CD4E70086BA9C /* Sources */ = {
			isa = PBXSourcesBuildPhase;
			buildActionMask = 2147483647;
			files = (
				A5941D0D269CD4E70086BA9C /* FBUAppUITests.m in Sources */,
			);
			runOnlyForDeploymentPostprocessing = 0;
		};
/* End PBXSourcesBuildPhase section */

/* Begin PBXTargetDependency section */
		A5941CFF269CD4E70086BA9C /* PBXTargetDependency */ = {
			isa = PBXTargetDependency;
			target = A5941CE1269CD4E60086BA9C /* FBUApp */;
			targetProxy = A5941CFE269CD4E70086BA9C /* PBXContainerItemProxy */;
		};
		A5941D0A269CD4E70086BA9C /* PBXTargetDependency */ = {
			isa = PBXTargetDependency;
			target = A5941CE1269CD4E60086BA9C /* FBUApp */;
			targetProxy = A5941D09269CD4E70086BA9C /* PBXContainerItemProxy */;
		};
/* End PBXTargetDependency section */

/* Begin PBXVariantGroup section */
		A5941CEE269CD4E60086BA9C /* Main.storyboard */ = {
			isa = PBXVariantGroup;
			children = (
				A5941CEF269CD4E60086BA9C /* Base */,
			);
			name = Main.storyboard;
			sourceTree = "<group>";
		};
		A5941CF3269CD4E70086BA9C /* LaunchScreen.storyboard */ = {
			isa = PBXVariantGroup;
			children = (
				A5941CF4269CD4E70086BA9C /* Base */,
			);
			name = LaunchScreen.storyboard;
			sourceTree = "<group>";
		};
/* End PBXVariantGroup section */

/* Begin XCBuildConfiguration section */
		A5941D0F269CD4E70086BA9C /* Debug */ = {
			isa = XCBuildConfiguration;
			buildSettings = {
				ALWAYS_SEARCH_USER_PATHS = NO;
				CLANG_ANALYZER_NONNULL = YES;
				CLANG_ANALYZER_NUMBER_OBJECT_CONVERSION = YES_AGGRESSIVE;
				CLANG_CXX_LANGUAGE_STANDARD = "gnu++14";
				CLANG_CXX_LIBRARY = "libc++";
				CLANG_ENABLE_MODULES = YES;
				CLANG_ENABLE_OBJC_ARC = YES;
				CLANG_ENABLE_OBJC_WEAK = YES;
				CLANG_WARN_BLOCK_CAPTURE_AUTORELEASING = YES;
				CLANG_WARN_BOOL_CONVERSION = YES;
				CLANG_WARN_COMMA = YES;
				CLANG_WARN_CONSTANT_CONVERSION = YES;
				CLANG_WARN_DEPRECATED_OBJC_IMPLEMENTATIONS = YES;
				CLANG_WARN_DIRECT_OBJC_ISA_USAGE = YES_ERROR;
				CLANG_WARN_DOCUMENTATION_COMMENTS = YES;
				CLANG_WARN_EMPTY_BODY = YES;
				CLANG_WARN_ENUM_CONVERSION = YES;
				CLANG_WARN_INFINITE_RECURSION = YES;
				CLANG_WARN_INT_CONVERSION = YES;
				CLANG_WARN_NON_LITERAL_NULL_CONVERSION = YES;
				CLANG_WARN_OBJC_IMPLICIT_RETAIN_SELF = YES;
				CLANG_WARN_OBJC_LITERAL_CONVERSION = YES;
				CLANG_WARN_OBJC_ROOT_CLASS = YES_ERROR;
				CLANG_WARN_QUOTED_INCLUDE_IN_FRAMEWORK_HEADER = YES;
				CLANG_WARN_RANGE_LOOP_ANALYSIS = YES;
				CLANG_WARN_STRICT_PROTOTYPES = YES;
				CLANG_WARN_SUSPICIOUS_MOVE = YES;
				CLANG_WARN_UNGUARDED_AVAILABILITY = YES_AGGRESSIVE;
				CLANG_WARN_UNREACHABLE_CODE = YES;
				CLANG_WARN__DUPLICATE_METHOD_MATCH = YES;
				COPY_PHASE_STRIP = NO;
				DEBUG_INFORMATION_FORMAT = dwarf;
				ENABLE_STRICT_OBJC_MSGSEND = YES;
				ENABLE_TESTABILITY = YES;
				GCC_C_LANGUAGE_STANDARD = gnu11;
				GCC_DYNAMIC_NO_PIC = NO;
				GCC_NO_COMMON_BLOCKS = YES;
				GCC_OPTIMIZATION_LEVEL = 0;
				GCC_PREPROCESSOR_DEFINITIONS = (
					"DEBUG=1",
					"$(inherited)",
				);
				GCC_WARN_64_TO_32_BIT_CONVERSION = YES;
				GCC_WARN_ABOUT_RETURN_TYPE = YES_ERROR;
				GCC_WARN_UNDECLARED_SELECTOR = YES;
				GCC_WARN_UNINITIALIZED_AUTOS = YES_AGGRESSIVE;
				GCC_WARN_UNUSED_FUNCTION = YES;
				GCC_WARN_UNUSED_VARIABLE = YES;
				IPHONEOS_DEPLOYMENT_TARGET = 14.5;
				MTL_ENABLE_DEBUG_INFO = INCLUDE_SOURCE;
				MTL_FAST_MATH = YES;
				ONLY_ACTIVE_ARCH = YES;
				SDKROOT = iphoneos;
			};
			name = Debug;
		};
		A5941D10269CD4E70086BA9C /* Release */ = {
			isa = XCBuildConfiguration;
			buildSettings = {
				ALWAYS_SEARCH_USER_PATHS = NO;
				CLANG_ANALYZER_NONNULL = YES;
				CLANG_ANALYZER_NUMBER_OBJECT_CONVERSION = YES_AGGRESSIVE;
				CLANG_CXX_LANGUAGE_STANDARD = "gnu++14";
				CLANG_CXX_LIBRARY = "libc++";
				CLANG_ENABLE_MODULES = YES;
				CLANG_ENABLE_OBJC_ARC = YES;
				CLANG_ENABLE_OBJC_WEAK = YES;
				CLANG_WARN_BLOCK_CAPTURE_AUTORELEASING = YES;
				CLANG_WARN_BOOL_CONVERSION = YES;
				CLANG_WARN_COMMA = YES;
				CLANG_WARN_CONSTANT_CONVERSION = YES;
				CLANG_WARN_DEPRECATED_OBJC_IMPLEMENTATIONS = YES;
				CLANG_WARN_DIRECT_OBJC_ISA_USAGE = YES_ERROR;
				CLANG_WARN_DOCUMENTATION_COMMENTS = YES;
				CLANG_WARN_EMPTY_BODY = YES;
				CLANG_WARN_ENUM_CONVERSION = YES;
				CLANG_WARN_INFINITE_RECURSION = YES;
				CLANG_WARN_INT_CONVERSION = YES;
				CLANG_WARN_NON_LITERAL_NULL_CONVERSION = YES;
				CLANG_WARN_OBJC_IMPLICIT_RETAIN_SELF = YES;
				CLANG_WARN_OBJC_LITERAL_CONVERSION = YES;
				CLANG_WARN_OBJC_ROOT_CLASS = YES_ERROR;
				CLANG_WARN_QUOTED_INCLUDE_IN_FRAMEWORK_HEADER = YES;
				CLANG_WARN_RANGE_LOOP_ANALYSIS = YES;
				CLANG_WARN_STRICT_PROTOTYPES = YES;
				CLANG_WARN_SUSPICIOUS_MOVE = YES;
				CLANG_WARN_UNGUARDED_AVAILABILITY = YES_AGGRESSIVE;
				CLANG_WARN_UNREACHABLE_CODE = YES;
				CLANG_WARN__DUPLICATE_METHOD_MATCH = YES;
				COPY_PHASE_STRIP = NO;
				DEBUG_INFORMATION_FORMAT = "dwarf-with-dsym";
				ENABLE_NS_ASSERTIONS = NO;
				ENABLE_STRICT_OBJC_MSGSEND = YES;
				GCC_C_LANGUAGE_STANDARD = gnu11;
				GCC_NO_COMMON_BLOCKS = YES;
				GCC_WARN_64_TO_32_BIT_CONVERSION = YES;
				GCC_WARN_ABOUT_RETURN_TYPE = YES_ERROR;
				GCC_WARN_UNDECLARED_SELECTOR = YES;
				GCC_WARN_UNINITIALIZED_AUTOS = YES_AGGRESSIVE;
				GCC_WARN_UNUSED_FUNCTION = YES;
				GCC_WARN_UNUSED_VARIABLE = YES;
				IPHONEOS_DEPLOYMENT_TARGET = 14.5;
				MTL_ENABLE_DEBUG_INFO = NO;
				MTL_FAST_MATH = YES;
				SDKROOT = iphoneos;
				VALIDATE_PRODUCT = YES;
			};
			name = Release;
		};
		A5941D12269CD4E70086BA9C /* Debug */ = {
			isa = XCBuildConfiguration;
			baseConfigurationReference = 39D8E751DB92BD4D305FDC75 /* Pods-FBUApp.debug.xcconfig */;
			buildSettings = {
				ASSETCATALOG_COMPILER_APPICON_NAME = AppIcon;
				ASSETCATALOG_COMPILER_GLOBAL_ACCENT_COLOR_NAME = AccentColor;
				CODE_SIGN_STYLE = Automatic;
				DEVELOPMENT_TEAM = DKD7YXCZHA;
				INFOPLIST_FILE = FBUApp/Info.plist;
				LD_RUNPATH_SEARCH_PATHS = (
					"$(inherited)",
					"@executable_path/Frameworks",
				);
				PRODUCT_BUNDLE_IDENTIFIER = com.jessicasyl35.FBUApp;
				PRODUCT_NAME = "$(TARGET_NAME)";
				TARGETED_DEVICE_FAMILY = "1,2";
			};
			name = Debug;
		};
		A5941D13269CD4E70086BA9C /* Release */ = {
			isa = XCBuildConfiguration;
			baseConfigurationReference = C10FD91B8EEB9134A0289F23 /* Pods-FBUApp.release.xcconfig */;
			buildSettings = {
				ASSETCATALOG_COMPILER_APPICON_NAME = AppIcon;
				ASSETCATALOG_COMPILER_GLOBAL_ACCENT_COLOR_NAME = AccentColor;
				CODE_SIGN_STYLE = Automatic;
				DEVELOPMENT_TEAM = DKD7YXCZHA;
				INFOPLIST_FILE = FBUApp/Info.plist;
				LD_RUNPATH_SEARCH_PATHS = (
					"$(inherited)",
					"@executable_path/Frameworks",
				);
				PRODUCT_BUNDLE_IDENTIFIER = com.jessicasyl35.FBUApp;
				PRODUCT_NAME = "$(TARGET_NAME)";
				TARGETED_DEVICE_FAMILY = "1,2";
			};
			name = Release;
		};
		A5941D15269CD4E70086BA9C /* Debug */ = {
			isa = XCBuildConfiguration;
			baseConfigurationReference = 022874C70F4E42DF192C22E4 /* Pods-FBUAppTests.debug.xcconfig */;
			buildSettings = {
				BUNDLE_LOADER = "$(TEST_HOST)";
				CODE_SIGN_STYLE = Automatic;
				DEVELOPMENT_TEAM = DKD7YXCZHA;
				INFOPLIST_FILE = FBUAppTests/Info.plist;
				IPHONEOS_DEPLOYMENT_TARGET = 14.5;
				LD_RUNPATH_SEARCH_PATHS = (
					"$(inherited)",
					"@executable_path/Frameworks",
					"@loader_path/Frameworks",
				);
				PRODUCT_BUNDLE_IDENTIFIER = com.jessicasyl35.FBUAppTests;
				PRODUCT_NAME = "$(TARGET_NAME)";
				TARGETED_DEVICE_FAMILY = "1,2";
				TEST_HOST = "$(BUILT_PRODUCTS_DIR)/FBUApp.app/FBUApp";
			};
			name = Debug;
		};
		A5941D16269CD4E70086BA9C /* Release */ = {
			isa = XCBuildConfiguration;
			baseConfigurationReference = 94023BFD649C3F32C51ED33C /* Pods-FBUAppTests.release.xcconfig */;
			buildSettings = {
				BUNDLE_LOADER = "$(TEST_HOST)";
				CODE_SIGN_STYLE = Automatic;
				DEVELOPMENT_TEAM = DKD7YXCZHA;
				INFOPLIST_FILE = FBUAppTests/Info.plist;
				IPHONEOS_DEPLOYMENT_TARGET = 14.5;
				LD_RUNPATH_SEARCH_PATHS = (
					"$(inherited)",
					"@executable_path/Frameworks",
					"@loader_path/Frameworks",
				);
				PRODUCT_BUNDLE_IDENTIFIER = com.jessicasyl35.FBUAppTests;
				PRODUCT_NAME = "$(TARGET_NAME)";
				TARGETED_DEVICE_FAMILY = "1,2";
				TEST_HOST = "$(BUILT_PRODUCTS_DIR)/FBUApp.app/FBUApp";
			};
			name = Release;
		};
		A5941D18269CD4E70086BA9C /* Debug */ = {
			isa = XCBuildConfiguration;
			baseConfigurationReference = 0EB6039ABB451D484BACE8A0 /* Pods-FBUApp-FBUAppUITests.debug.xcconfig */;
			buildSettings = {
				CODE_SIGN_STYLE = Automatic;
				DEVELOPMENT_TEAM = DKD7YXCZHA;
				INFOPLIST_FILE = FBUAppUITests/Info.plist;
				LD_RUNPATH_SEARCH_PATHS = (
					"$(inherited)",
					"@executable_path/Frameworks",
					"@loader_path/Frameworks",
				);
				PRODUCT_BUNDLE_IDENTIFIER = com.jessicasyl35.FBUAppUITests;
				PRODUCT_NAME = "$(TARGET_NAME)";
				TARGETED_DEVICE_FAMILY = "1,2";
				TEST_TARGET_NAME = FBUApp;
			};
			name = Debug;
		};
		A5941D19269CD4E70086BA9C /* Release */ = {
			isa = XCBuildConfiguration;
			baseConfigurationReference = 1807052C8BEBF9EC7D3037C4 /* Pods-FBUApp-FBUAppUITests.release.xcconfig */;
			buildSettings = {
				CODE_SIGN_STYLE = Automatic;
				DEVELOPMENT_TEAM = DKD7YXCZHA;
				INFOPLIST_FILE = FBUAppUITests/Info.plist;
				LD_RUNPATH_SEARCH_PATHS = (
					"$(inherited)",
					"@executable_path/Frameworks",
					"@loader_path/Frameworks",
				);
				PRODUCT_BUNDLE_IDENTIFIER = com.jessicasyl35.FBUAppUITests;
				PRODUCT_NAME = "$(TARGET_NAME)";
				TARGETED_DEVICE_FAMILY = "1,2";
				TEST_TARGET_NAME = FBUApp;
			};
			name = Release;
		};
/* End XCBuildConfiguration section */

/* Begin XCConfigurationList section */
		A5941CDD269CD4E60086BA9C /* Build configuration list for PBXProject "FBUApp" */ = {
			isa = XCConfigurationList;
			buildConfigurations = (
				A5941D0F269CD4E70086BA9C /* Debug */,
				A5941D10269CD4E70086BA9C /* Release */,
			);
			defaultConfigurationIsVisible = 0;
			defaultConfigurationName = Release;
		};
		A5941D11269CD4E70086BA9C /* Build configuration list for PBXNativeTarget "FBUApp" */ = {
			isa = XCConfigurationList;
			buildConfigurations = (
				A5941D12269CD4E70086BA9C /* Debug */,
				A5941D13269CD4E70086BA9C /* Release */,
			);
			defaultConfigurationIsVisible = 0;
			defaultConfigurationName = Release;
		};
		A5941D14269CD4E70086BA9C /* Build configuration list for PBXNativeTarget "FBUAppTests" */ = {
			isa = XCConfigurationList;
			buildConfigurations = (
				A5941D15269CD4E70086BA9C /* Debug */,
				A5941D16269CD4E70086BA9C /* Release */,
			);
			defaultConfigurationIsVisible = 0;
			defaultConfigurationName = Release;
		};
		A5941D17269CD4E70086BA9C /* Build configuration list for PBXNativeTarget "FBUAppUITests" */ = {
			isa = XCConfigurationList;
			buildConfigurations = (
				A5941D18269CD4E70086BA9C /* Debug */,
				A5941D19269CD4E70086BA9C /* Release */,
			);
			defaultConfigurationIsVisible = 0;
			defaultConfigurationName = Release;
		};
/* End XCConfigurationList section */
	};
	rootObject = A5941CDA269CD4E60086BA9C /* Project object */;
}
